
Microsoft Visual Studio Solution File, Format Version 12.00
# Visual Studio Version 17
VisualStudioVersion = 17.3.32901.215
MinimumVisualStudioVersion = 10.0.40219.1
Project("{FAE04EC0-301F-11D3-BF4B-00C04F79EFBC}") = "math sınıfı-777", "math sınıfı-777\math sınıfı-777.csproj", "{4CE1A316-3D1A-409A-B0D2-3E6E9C4AC125}"
EndProject
Global
	GlobalSection(SolutionConfigurationPlatforms) = preSolution
		Debug|Any CPU = Debug|Any CPU
		Release|Any CPU = Release|Any CPU
	EndGlobalSection
	GlobalSection(ProjectConfigurationPlatforms) = postSolution
		{4CE1A316-3D1A-409A-B0D2-3E6E9C4AC125}.Debug|Any CPU.ActiveCfg = Debug|Any CPU
		{4CE1A316-3D1A-409A-B0D2-3E6E9C4AC125}.Debug|Any CPU.Build.0 = Debug|Any CPU
		{4CE1A316-3D1A-409A-B0D2-3E6E9C4AC125}.Release|Any CPU.ActiveCfg = Release|Any CPU
		{4CE1A316-3D1A-409A-B0D2-3E6E9C4AC125}.Release|Any CPU.Build.0 = Release|Any CPU
	EndGlobalSection
	GlobalSection(SolutionProperties) = preSolution
		HideSolutionNode = FALSE
	EndGlobalSection
	GlobalSection(ExtensibilityGlobals) = postSolution
		SolutionGuid = {A641C6EC-C30D-4B67-AD60-398D9D1E5A49}
	EndGlobalSection
EndGlobal
